
Microsoft Visual Studio Solution File, Format Version 12.00
# Visual Studio Version 16
VisualStudioVersion = 16.0.31112.23
MinimumVisualStudioVersion = 10.0.40219.1
Project("{9A19103F-16F7-4668-BE54-9A1E7A4F7556}") = "OrderReceiver", "OrderReceiver.csproj", "{C142114F-C66C-4B6D-814B-24A866944EFF}"
EndProject
Project("{9A19103F-16F7-4668-BE54-9A1E7A4F7556}") = "OrderLibrary", "..\OrderLibrary\OrderLibrary.csproj", "{05EFF697-DB24-4061-964E-486EAA7B4293}"
EndProject
Global
	GlobalSection(SolutionConfigurationPlatforms) = preSolution
		Debug|Any CPU = Debug|Any CPU
		Release|Any CPU = Release|Any CPU
	EndGlobalSection
	GlobalSection(ProjectConfigurationPlatforms) = postSolution
		{C142114F-C66C-4B6D-814B-24A866944EFF}.Debug|Any CPU.ActiveCfg = Debug|Any CPU
		{C142114F-C66C-4B6D-814B-24A866944EFF}.Debug|Any CPU.Build.0 = Debug|Any CPU
		{C142114F-C66C-4B6D-814B-24A866944EFF}.Release|Any CPU.ActiveCfg = Release|Any CPU
		{C142114F-C66C-4B6D-814B-24A866944EFF}.Release|Any CPU.Build.0 = Release|Any CPU
		{05EFF697-DB24-4061-964E-486EAA7B4293}.Debug|Any CPU.ActiveCfg = Debug|Any CPU
		{05EFF697-DB24-4061-964E-486EAA7B4293}.Debug|Any CPU.Build.0 = Debug|Any CPU
		{05EFF697-DB24-4061-964E-486EAA7B4293}.Release|Any CPU.ActiveCfg = Release|Any CPU
		{05EFF697-DB24-4061-964E-486EAA7B4293}.Release|Any CPU.Build.0 = Release|Any CPU
	EndGlobalSection
	GlobalSection(SolutionProperties) = preSolution
		HideSolutionNode = FALSE
	EndGlobalSection
	GlobalSection(ExtensibilityGlobals) = postSolution
		SolutionGuid = {998CD7E0-BDD5-45DB-8B4F-AE37F34D84E3}
	EndGlobalSection
EndGlobal
